github.com/gorilla/mux v1.8.0 h1:i40aqfkR1h2SlN9hojwV5ZA91wcXFOvkdNIeFDP5koI=
github.com/gorilla/mux v1.8.0/go.mod h1:DVbg23sWSpFRCP0SfiEN6jmj59UnW/n46BH5rLB71So=
github.com/sashabaranov/go-openai v1.5.2 h1:Gtn5HZEL25//rDDLEX+Anw5FI8TUC6gqIeM9BDBOO18=
github.com/sashabaranov/go-openai v1.5.2/go.mod h1:lj5b/K+zjTSFxVLijLSTDZuP7adOgerWeFyZLUhAKRg=
